
Microsoft Visual Studio Solution File, Format Version 11.00
# Visual Studio 2010
Project("{8BC9CEB8-8B4A-11D0-8D11-00A0C91BC942}") = "MonsterChase", "MonsterChase.vcxproj", "{CD809C28-BE6C-4B91-AA3A-77912A701F9B}"
	ProjectSection(ProjectDependencies) = postProject
		{C6C4A3C6-2962-4A07-AA36-43729B52CFF5} = {C6C4A3C6-2962-4A07-AA36-43729B52CFF5}
		{588FC0C8-46B7-4700-9BC7-14DD210C80DF} = {588FC0C8-46B7-4700-9BC7-14DD210C80DF}
	EndProjectSection
EndProject
Project("{8BC9CEB8-8B4A-11D0-8D11-00A0C91BC942}") = "GreenLagoon", "..\GreenLagoon\GreenLagoon.vcxproj", "{588FC0C8-46B7-4700-9BC7-14DD210C80DF}"
	ProjectSection(ProjectDependencies) = postProject
		{C6C4A3C6-2962-4A07-AA36-43729B52CFF5} = {C6C4A3C6-2962-4A07-AA36-43729B52CFF5}
	EndProjectSection
EndProject
Project("{2150E333-8FDC-42A3-9474-1A3956D46DE8}") = "Assets", "Assets", "{8276A27A-18EB-4497-9E36-B8481B2917ED}"
	ProjectSection(SolutionItems) = preProject
		..\Assets\AssetList.lua = ..\Assets\AssetList.lua
	EndProjectSection
EndProject
Project("{2150E333-8FDC-42A3-9474-1A3956D46DE8}") = "External", "External", "{D97A22C4-024B-4646-AACE-CC1D626815DF}"
EndProject
Project("{8BC9CEB8-8B4A-11D0-8D11-00A0C91BC942}") = "Renderer", "..\Code\Renderer\Renderer.vcxproj", "{C6C4A3C6-2962-4A07-AA36-43729B52CFF5}"
	ProjectSection(ProjectDependencies) = postProject
		{159BCF08-D8C9-4A28-9DE2-B4CCEB5F02D9} = {159BCF08-D8C9-4A28-9DE2-B4CCEB5F02D9}
		{3429C00E-F938-4C9D-9448-44604B5BBD35} = {3429C00E-F938-4C9D-9448-44604B5BBD35}
		{048AAD13-4518-444F-8C11-C761140B3A8B} = {048AAD13-4518-444F-8C11-C761140B3A8B}
		{441BD31B-4FC6-4A64-9B03-0CC94239D948} = {441BD31B-4FC6-4A64-9B03-0CC94239D948}
		{7F68012D-7AA2-4B5F-B00E-413D592875F3} = {7F68012D-7AA2-4B5F-B00E-413D592875F3}
		{11CCAA35-302D-453E-A37C-99654D7ED236} = {11CCAA35-302D-453E-A37C-99654D7ED236}
		{7E88D83B-3DC6-4AA3-A88B-6D89EFAB5137} = {7E88D83B-3DC6-4AA3-A88B-6D89EFAB5137}
		{D07EF455-734E-41EA-91F5-601A3E9D8807} = {D07EF455-734E-41EA-91F5-601A3E9D8807}
		{D8D09568-C5EB-46A1-8B61-C349C31086E8} = {D8D09568-C5EB-46A1-8B61-C349C31086E8}
		{F593FF68-B53B-4910-9B91-E49B4047FF13} = {F593FF68-B53B-4910-9B91-E49B4047FF13}
		{6CE23D6C-80D9-4AB4-8B5A-2F1D51588969} = {6CE23D6C-80D9-4AB4-8B5A-2F1D51588969}
		{DB7D3CC4-AC36-4445-96EC-D9B373D3F59E} = {DB7D3CC4-AC36-4445-96EC-D9B373D3F59E}
		{F50EBAF4-3522-4432-91BA-DD4D7D53C2AF} = {F50EBAF4-3522-4432-91BA-DD4D7D53C2AF}
	EndProjectSection
EndProject
Project("{8BC9CEB8-8B4A-11D0-8D11-00A0C91BC942}") = "Lua", "..\Code\External\Lua\Lua.vcxproj", "{441BD31B-4FC6-4A64-9B03-0CC94239D948}"
EndProject
Project("{2150E333-8FDC-42A3-9474-1A3956D46DE8}") = "Tools", "Tools", "{7940B22C-9640-4B6D-B8AC-024BD805F4FA}"
EndProject
Project("{8BC9CEB8-8B4A-11D0-8D11-00A0C91BC942}") = "TextureBuilder", "..\Code\Tools\TextureBuilder\TextureBuilder.vcxproj", "{048AAD13-4518-444F-8C11-C761140B3A8B}"
	ProjectSection(ProjectDependencies) = postProject
		{D8D09568-C5EB-46A1-8B61-C349C31086E8} = {D8D09568-C5EB-46A1-8B61-C349C31086E8}
	EndProjectSection
EndProject
Project("{8BC9CEB8-8B4A-11D0-8D11-00A0C91BC942}") = "GenericBuilder", "..\Code\Tools\GenericBuilder\GenericBuilder.vcxproj", "{D8D09568-C5EB-46A1-8B61-C349C31086E8}"
	ProjectSection(ProjectDependencies) = postProject
		{441BD31B-4FC6-4A64-9B03-0CC94239D948} = {441BD31B-4FC6-4A64-9B03-0CC94239D948}
	EndProjectSection
EndProject
Project("{8BC9CEB8-8B4A-11D0-8D11-00A0C91BC942}") = "AssetBuilder", "..\Code\Tools\AssetBuilder\AssetBuilder.vcxproj", "{38F0B1FF-456F-4221-9531-3A9F81694477}"
	ProjectSection(ProjectDependencies) = postProject
		{159BCF08-D8C9-4A28-9DE2-B4CCEB5F02D9} = {159BCF08-D8C9-4A28-9DE2-B4CCEB5F02D9}
		{3429C00E-F938-4C9D-9448-44604B5BBD35} = {3429C00E-F938-4C9D-9448-44604B5BBD35}
		{048AAD13-4518-444F-8C11-C761140B3A8B} = {048AAD13-4518-444F-8C11-C761140B3A8B}
		{441BD31B-4FC6-4A64-9B03-0CC94239D948} = {441BD31B-4FC6-4A64-9B03-0CC94239D948}
		{11CCAA35-302D-453E-A37C-99654D7ED236} = {11CCAA35-302D-453E-A37C-99654D7ED236}
		{D07EF455-734E-41EA-91F5-601A3E9D8807} = {D07EF455-734E-41EA-91F5-601A3E9D8807}
		{D8D09568-C5EB-46A1-8B61-C349C31086E8} = {D8D09568-C5EB-46A1-8B61-C349C31086E8}
		{F593FF68-B53B-4910-9B91-E49B4047FF13} = {F593FF68-B53B-4910-9B91-E49B4047FF13}
		{6CE23D6C-80D9-4AB4-8B5A-2F1D51588969} = {6CE23D6C-80D9-4AB4-8B5A-2F1D51588969}
		{DB7D3CC4-AC36-4445-96EC-D9B373D3F59E} = {DB7D3CC4-AC36-4445-96EC-D9B373D3F59E}
		{C6C4A3C6-2962-4A07-AA36-43729B52CFF5} = {C6C4A3C6-2962-4A07-AA36-43729B52CFF5}
		{F50EBAF4-3522-4432-91BA-DD4D7D53C2AF} = {F50EBAF4-3522-4432-91BA-DD4D7D53C2AF}
	EndProjectSection
EndProject
Project("{2150E333-8FDC-42A3-9474-1A3956D46DE8}") = "VertexShaders", "VertexShaders", "{B9FB97A2-0805-435B-9EB9-B93B645AA52E}"
	ProjectSection(SolutionItems) = preProject
		..\Assets\VertexShaders\example.hlsl = ..\Assets\VertexShaders\example.hlsl
	EndProjectSection
EndProject
Project("{8BC9CEB8-8B4A-11D0-8D11-00A0C91BC942}") = "VertexShaderBuilder", "..\Code\Tools\VertexShaderBuilder\VertexShaderBuilder.vcxproj", "{6CE23D6C-80D9-4AB4-8B5A-2F1D51588969}"
	ProjectSection(ProjectDependencies) = postProject
		{D8D09568-C5EB-46A1-8B61-C349C31086E8} = {D8D09568-C5EB-46A1-8B61-C349C31086E8}
	EndProjectSection
EndProject
Project("{8BC9CEB8-8B4A-11D0-8D11-00A0C91BC942}") = "FragmentShaderBuilder", "..\Code\Tools\FragmentShaderBuilder\FragmentShaderBuilder.vcxproj", "{3429C00E-F938-4C9D-9448-44604B5BBD35}"
	ProjectSection(ProjectDependencies) = postProject
		{D8D09568-C5EB-46A1-8B61-C349C31086E8} = {D8D09568-C5EB-46A1-8B61-C349C31086E8}
	EndProjectSection
EndProject
Project("{2150E333-8FDC-42A3-9474-1A3956D46DE8}") = "FragmentShaders", "FragmentShaders", "{B736267B-604B-4E4A-B08C-3271A3B0A759}"
	ProjectSection(SolutionItems) = preProject
		..\Assets\FragmentShaders\AlphaBinaryBlending.hlsl = ..\Assets\FragmentShaders\AlphaBinaryBlending.hlsl
		..\Assets\FragmentShaders\example.hlsl = ..\Assets\FragmentShaders\example.hlsl
		..\Assets\FragmentShaders\PartialBlending.hlsl = ..\Assets\FragmentShaders\PartialBlending.hlsl
		..\Assets\FragmentShaders\SpecularLight.hlsl = ..\Assets\FragmentShaders\SpecularLight.hlsl
	EndProjectSection
EndProject
Project("{8BC9CEB8-8B4A-11D0-8D11-00A0C91BC942}") = "ExampleLuaBuilder", "..\Code\Tools\ExampleLuaBuilder\ExampleLuaBuilder.vcxproj", "{D07EF455-734E-41EA-91F5-601A3E9D8807}"
	ProjectSection(ProjectDependencies) = postProject
		{441BD31B-4FC6-4A64-9B03-0CC94239D948} = {441BD31B-4FC6-4A64-9B03-0CC94239D948}
		{D8D09568-C5EB-46A1-8B61-C349C31086E8} = {D8D09568-C5EB-46A1-8B61-C349C31086E8}
	EndProjectSection
EndProject
Project("{8BC9CEB8-8B4A-11D0-8D11-00A0C91BC942}") = "MeshBuilder", "..\Code\Tools\MeshBuilder\MeshBuilder.vcxproj", "{DB7D3CC4-AC36-4445-96EC-D9B373D3F59E}"
	ProjectSection(ProjectDependencies) = postProject
		{D8D09568-C5EB-46A1-8B61-C349C31086E8} = {D8D09568-C5EB-46A1-8B61-C349C31086E8}
	EndProjectSection
EndProject
Project("{8BC9CEB8-8B4A-11D0-8D11-00A0C91BC942}") = "EffectBuilder", "..\Code\Tools\EffectBuilder\EffectBuilder.vcxproj", "{F50EBAF4-3522-4432-91BA-DD4D7D53C2AF}"
	ProjectSection(ProjectDependencies) = postProject
		{D8D09568-C5EB-46A1-8B61-C349C31086E8} = {D8D09568-C5EB-46A1-8B61-C349C31086E8}
	EndProjectSection
EndProject
Project("{8BC9CEB8-8B4A-11D0-8D11-00A0C91BC942}") = "EntityBuilder", "..\Code\Tools\EntityBuilder\EntityBuilder.vcxproj", "{F593FF68-B53B-4910-9B91-E49B4047FF13}"
	ProjectSection(ProjectDependencies) = postProject
		{D8D09568-C5EB-46A1-8B61-C349C31086E8} = {D8D09568-C5EB-46A1-8B61-C349C31086E8}
	EndProjectSection
EndProject
Project("{8BC9CEB8-8B4A-11D0-8D11-00A0C91BC942}") = "SceneBuilder", "..\Code\Tools\SceneBuilder\SceneBuilder.vcxproj", "{159BCF08-D8C9-4A28-9DE2-B4CCEB5F02D9}"
	ProjectSection(ProjectDependencies) = postProject
		{D8D09568-C5EB-46A1-8B61-C349C31086E8} = {D8D09568-C5EB-46A1-8B61-C349C31086E8}
	EndProjectSection
EndProject
Project("{8BC9CEB8-8B4A-11D0-8D11-00A0C91BC942}") = "MaterialBuilder", "..\Code\Tools\MaterialBuilder\MaterialBuilder.vcxproj", "{11CCAA35-302D-453E-A37C-99654D7ED236}"
	ProjectSection(ProjectDependencies) = postProject
		{D8D09568-C5EB-46A1-8B61-C349C31086E8} = {D8D09568-C5EB-46A1-8B61-C349C31086E8}
	EndProjectSection
EndProject
Project("{8BC9CEB8-8B4A-11D0-8D11-00A0C91BC942}") = "CubeMapsBuilder", "..\Code\Tools\CubeMapsBuilder\CubeMapsBuilder.vcxproj", "{7E88D83B-3DC6-4AA3-A88B-6D89EFAB5137}"
	ProjectSection(ProjectDependencies) = postProject
		{D8D09568-C5EB-46A1-8B61-C349C31086E8} = {D8D09568-C5EB-46A1-8B61-C349C31086E8}
	EndProjectSection
EndProject
Project("{8BC9CEB8-8B4A-11D0-8D11-00A0C91BC942}") = "FBXLoader", "..\Code\Tools\FBXLoader\FBXLoader\FBXLoader.vcxproj", "{5710B770-71E3-4793-BFD2-4DC619D8846B}"
EndProject
Project("{8BC9CEB8-8B4A-11D0-8D11-00A0C91BC942}") = "SpatialPartition", "..\Code\Tools\SpatialPartition\SpatialPartition.vcxproj", "{7F68012D-7AA2-4B5F-B00E-413D592875F3}"
EndProject
Global
	GlobalSection(SolutionConfigurationPlatforms) = preSolution
		Debug|Win32 = Debug|Win32
		Debug|x64 = Debug|x64
		Profile|Win32 = Profile|Win32
		Profile|x64 = Profile|x64
		Release|Win32 = Release|Win32
		Release|x64 = Release|x64
	EndGlobalSection
	GlobalSection(ProjectConfigurationPlatforms) = postSolution
		{CD809C28-BE6C-4B91-AA3A-77912A701F9B}.Debug|Win32.ActiveCfg = Debug|Win32
		{CD809C28-BE6C-4B91-AA3A-77912A701F9B}.Debug|Win32.Build.0 = Debug|Win32
		{CD809C28-BE6C-4B91-AA3A-77912A701F9B}.Debug|x64.ActiveCfg = Debug|Win32
		{CD809C28-BE6C-4B91-AA3A-77912A701F9B}.Profile|Win32.ActiveCfg = Profile|Win32
		{CD809C28-BE6C-4B91-AA3A-77912A701F9B}.Profile|Win32.Build.0 = Profile|Win32
		{CD809C28-BE6C-4B91-AA3A-77912A701F9B}.Profile|x64.ActiveCfg = Profile|Win32
		{CD809C28-BE6C-4B91-AA3A-77912A701F9B}.Release|Win32.ActiveCfg = Release|Win32
		{CD809C28-BE6C-4B91-AA3A-77912A701F9B}.Release|Win32.Build.0 = Release|Win32
		{CD809C28-BE6C-4B91-AA3A-77912A701F9B}.Release|x64.ActiveCfg = Release|Win32
		{588FC0C8-46B7-4700-9BC7-14DD210C80DF}.Debug|Win32.ActiveCfg = Debug|Win32
		{588FC0C8-46B7-4700-9BC7-14DD210C80DF}.Debug|Win32.Build.0 = Debug|Win32
		{588FC0C8-46B7-4700-9BC7-14DD210C80DF}.Debug|x64.ActiveCfg = Debug|Win32
		{588FC0C8-46B7-4700-9BC7-14DD210C80DF}.Profile|Win32.ActiveCfg = Profile|Win32
		{588FC0C8-46B7-4700-9BC7-14DD210C80DF}.Profile|Win32.Build.0 = Profile|Win32
		{588FC0C8-46B7-4700-9BC7-14DD210C80DF}.Profile|x64.ActiveCfg = Profile|Win32
		{588FC0C8-46B7-4700-9BC7-14DD210C80DF}.Release|Win32.ActiveCfg = Release|Win32
		{588FC0C8-46B7-4700-9BC7-14DD210C80DF}.Release|Win32.Build.0 = Release|Win32
		{588FC0C8-46B7-4700-9BC7-14DD210C80DF}.Release|x64.ActiveCfg = Release|Win32
		{C6C4A3C6-2962-4A07-AA36-43729B52CFF5}.Debug|Win32.ActiveCfg = Debug|Win32
		{C6C4A3C6-2962-4A07-AA36-43729B52CFF5}.Debug|Win32.Build.0 = Debug|Win32
		{C6C4A3C6-2962-4A07-AA36-43729B52CFF5}.Debug|x64.ActiveCfg = Debug|Win32
		{C6C4A3C6-2962-4A07-AA36-43729B52CFF5}.Profile|Win32.ActiveCfg = Release|Win32
		{C6C4A3C6-2962-4A07-AA36-43729B52CFF5}.Profile|Win32.Build.0 = Release|Win32
		{C6C4A3C6-2962-4A07-AA36-43729B52CFF5}.Profile|x64.ActiveCfg = Release|Win32
		{C6C4A3C6-2962-4A07-AA36-43729B52CFF5}.Release|Win32.ActiveCfg = Release|Win32
		{C6C4A3C6-2962-4A07-AA36-43729B52CFF5}.Release|Win32.Build.0 = Release|Win32
		{C6C4A3C6-2962-4A07-AA36-43729B52CFF5}.Release|x64.ActiveCfg = Release|Win32
		{441BD31B-4FC6-4A64-9B03-0CC94239D948}.Debug|Win32.ActiveCfg = Debug|Win32
		{441BD31B-4FC6-4A64-9B03-0CC94239D948}.Debug|Win32.Build.0 = Debug|Win32
		{441BD31B-4FC6-4A64-9B03-0CC94239D948}.Debug|x64.ActiveCfg = Debug|Win32
		{441BD31B-4FC6-4A64-9B03-0CC94239D948}.Profile|Win32.ActiveCfg = Release|Win32
		{441BD31B-4FC6-4A64-9B03-0CC94239D948}.Profile|Win32.Build.0 = Release|Win32
		{441BD31B-4FC6-4A64-9B03-0CC94239D948}.Profile|x64.ActiveCfg = Release|Win32
		{441BD31B-4FC6-4A64-9B03-0CC94239D948}.Release|Win32.ActiveCfg = Release|Win32
		{441BD31B-4FC6-4A64-9B03-0CC94239D948}.Release|Win32.Build.0 = Release|Win32
		{441BD31B-4FC6-4A64-9B03-0CC94239D948}.Release|x64.ActiveCfg = Release|Win32
		{048AAD13-4518-444F-8C11-C761140B3A8B}.Debug|Win32.ActiveCfg = Debug|Win32
		{048AAD13-4518-444F-8C11-C761140B3A8B}.Debug|Win32.Build.0 = Debug|Win32
		{048AAD13-4518-444F-8C11-C761140B3A8B}.Debug|x64.ActiveCfg = Debug|Win32
		{048AAD13-4518-444F-8C11-C761140B3A8B}.Profile|Win32.ActiveCfg = Release|Win32
		{048AAD13-4518-444F-8C11-C761140B3A8B}.Profile|Win32.Build.0 = Release|Win32
		{048AAD13-4518-444F-8C11-C761140B3A8B}.Profile|x64.ActiveCfg = Release|Win32
		{048AAD13-4518-444F-8C11-C761140B3A8B}.Release|Win32.ActiveCfg = Release|Win32
		{048AAD13-4518-444F-8C11-C761140B3A8B}.Release|Win32.Build.0 = Release|Win32
		{048AAD13-4518-444F-8C11-C761140B3A8B}.Release|x64.ActiveCfg = Release|Win32
		{D8D09568-C5EB-46A1-8B61-C349C31086E8}.Debug|Win32.ActiveCfg = Debug|Win32
		{D8D09568-C5EB-46A1-8B61-C349C31086E8}.Debug|Win32.Build.0 = Debug|Win32
		{D8D09568-C5EB-46A1-8B61-C349C31086E8}.Debug|x64.ActiveCfg = Debug|Win32
		{D8D09568-C5EB-46A1-8B61-C349C31086E8}.Profile|Win32.ActiveCfg = Release|Win32
		{D8D09568-C5EB-46A1-8B61-C349C31086E8}.Profile|Win32.Build.0 = Release|Win32
		{D8D09568-C5EB-46A1-8B61-C349C31086E8}.Profile|x64.ActiveCfg = Release|Win32
		{D8D09568-C5EB-46A1-8B61-C349C31086E8}.Release|Win32.ActiveCfg = Release|Win32
		{D8D09568-C5EB-46A1-8B61-C349C31086E8}.Release|Win32.Build.0 = Release|Win32
		{D8D09568-C5EB-46A1-8B61-C349C31086E8}.Release|x64.ActiveCfg = Release|Win32
		{38F0B1FF-456F-4221-9531-3A9F81694477}.Debug|Win32.ActiveCfg = Debug|Win32
		{38F0B1FF-456F-4221-9531-3A9F81694477}.Debug|Win32.Build.0 = Debug|Win32
		{38F0B1FF-456F-4221-9531-3A9F81694477}.Debug|x64.ActiveCfg = Debug|Win32
		{38F0B1FF-456F-4221-9531-3A9F81694477}.Profile|Win32.ActiveCfg = Release|Win32
		{38F0B1FF-456F-4221-9531-3A9F81694477}.Profile|Win32.Build.0 = Release|Win32
		{38F0B1FF-456F-4221-9531-3A9F81694477}.Profile|x64.ActiveCfg = Release|Win32
		{38F0B1FF-456F-4221-9531-3A9F81694477}.Release|Win32.ActiveCfg = Release|Win32
		{38F0B1FF-456F-4221-9531-3A9F81694477}.Release|Win32.Build.0 = Release|Win32
		{38F0B1FF-456F-4221-9531-3A9F81694477}.Release|x64.ActiveCfg = Release|Win32
		{6CE23D6C-80D9-4AB4-8B5A-2F1D51588969}.Debug|Win32.ActiveCfg = Debug|Win32
		{6CE23D6C-80D9-4AB4-8B5A-2F1D51588969}.Debug|Win32.Build.0 = Debug|Win32
		{6CE23D6C-80D9-4AB4-8B5A-2F1D51588969}.Debug|x64.ActiveCfg = Debug|Win32
		{6CE23D6C-80D9-4AB4-8B5A-2F1D51588969}.Profile|Win32.ActiveCfg = Release|Win32
		{6CE23D6C-80D9-4AB4-8B5A-2F1D51588969}.Profile|Win32.Build.0 = Release|Win32
		{6CE23D6C-80D9-4AB4-8B5A-2F1D51588969}.Profile|x64.ActiveCfg = Release|Win32
		{6CE23D6C-80D9-4AB4-8B5A-2F1D51588969}.Release|Win32.ActiveCfg = Release|Win32
		{6CE23D6C-80D9-4AB4-8B5A-2F1D51588969}.Release|Win32.Build.0 = Release|Win32
		{6CE23D6C-80D9-4AB4-8B5A-2F1D51588969}.Release|x64.ActiveCfg = Release|Win32
		{3429C00E-F938-4C9D-9448-44604B5BBD35}.Debug|Win32.ActiveCfg = Debug|Win32
		{3429C00E-F938-4C9D-9448-44604B5BBD35}.Debug|Win32.Build.0 = Debug|Win32
		{3429C00E-F938-4C9D-9448-44604B5BBD35}.Debug|x64.ActiveCfg = Debug|Win32
		{3429C00E-F938-4C9D-9448-44604B5BBD35}.Profile|Win32.ActiveCfg = Release|Win32
		{3429C00E-F938-4C9D-9448-44604B5BBD35}.Profile|Win32.Build.0 = Release|Win32
		{3429C00E-F938-4C9D-9448-44604B5BBD35}.Profile|x64.ActiveCfg = Release|Win32
		{3429C00E-F938-4C9D-9448-44604B5BBD35}.Release|Win32.ActiveCfg = Release|Win32
		{3429C00E-F938-4C9D-9448-44604B5BBD35}.Release|Win32.Build.0 = Release|Win32
		{3429C00E-F938-4C9D-9448-44604B5BBD35}.Release|x64.ActiveCfg = Release|Win32
		{D07EF455-734E-41EA-91F5-601A3E9D8807}.Debug|Win32.ActiveCfg = Debug|Win32
		{D07EF455-734E-41EA-91F5-601A3E9D8807}.Debug|Win32.Build.0 = Debug|Win32
		{D07EF455-734E-41EA-91F5-601A3E9D8807}.Debug|x64.ActiveCfg = Debug|Win32
		{D07EF455-734E-41EA-91F5-601A3E9D8807}.Profile|Win32.ActiveCfg = Release|Win32
		{D07EF455-734E-41EA-91F5-601A3E9D8807}.Profile|Win32.Build.0 = Release|Win32
		{D07EF455-734E-41EA-91F5-601A3E9D8807}.Profile|x64.ActiveCfg = Release|Win32
		{D07EF455-734E-41EA-91F5-601A3E9D8807}.Release|Win32.ActiveCfg = Release|Win32
		{D07EF455-734E-41EA-91F5-601A3E9D8807}.Release|Win32.Build.0 = Release|Win32
		{D07EF455-734E-41EA-91F5-601A3E9D8807}.Release|x64.ActiveCfg = Release|Win32
		{DB7D3CC4-AC36-4445-96EC-D9B373D3F59E}.Debug|Win32.ActiveCfg = Debug|Win32
		{DB7D3CC4-AC36-4445-96EC-D9B373D3F59E}.Debug|Win32.Build.0 = Debug|Win32
		{DB7D3CC4-AC36-4445-96EC-D9B373D3F59E}.Debug|x64.ActiveCfg = Debug|Win32
		{DB7D3CC4-AC36-4445-96EC-D9B373D3F59E}.Profile|Win32.ActiveCfg = Release|Win32
		{DB7D3CC4-AC36-4445-96EC-D9B373D3F59E}.Profile|Win32.Build.0 = Release|Win32
		{DB7D3CC4-AC36-4445-96EC-D9B373D3F59E}.Profile|x64.ActiveCfg = Release|Win32
		{DB7D3CC4-AC36-4445-96EC-D9B373D3F59E}.Release|Win32.ActiveCfg = Release|Win32
		{DB7D3CC4-AC36-4445-96EC-D9B373D3F59E}.Release|Win32.Build.0 = Release|Win32
		{DB7D3CC4-AC36-4445-96EC-D9B373D3F59E}.Release|x64.ActiveCfg = Release|Win32
		{F50EBAF4-3522-4432-91BA-DD4D7D53C2AF}.Debug|Win32.ActiveCfg = Debug|Win32
		{F50EBAF4-3522-4432-91BA-DD4D7D53C2AF}.Debug|Win32.Build.0 = Debug|Win32
		{F50EBAF4-3522-4432-91BA-DD4D7D53C2AF}.Debug|x64.ActiveCfg = Debug|Win32
		{F50EBAF4-3522-4432-91BA-DD4D7D53C2AF}.Profile|Win32.ActiveCfg = Release|Win32
		{F50EBAF4-3522-4432-91BA-DD4D7D53C2AF}.Profile|Win32.Build.0 = Release|Win32
		{F50EBAF4-3522-4432-91BA-DD4D7D53C2AF}.Profile|x64.ActiveCfg = Release|Win32
		{F50EBAF4-3522-4432-91BA-DD4D7D53C2AF}.Release|Win32.ActiveCfg = Release|Win32
		{F50EBAF4-3522-4432-91BA-DD4D7D53C2AF}.Release|Win32.Build.0 = Release|Win32
		{F50EBAF4-3522-4432-91BA-DD4D7D53C2AF}.Release|x64.ActiveCfg = Release|Win32
		{F593FF68-B53B-4910-9B91-E49B4047FF13}.Debug|Win32.ActiveCfg = Debug|Win32
		{F593FF68-B53B-4910-9B91-E49B4047FF13}.Debug|Win32.Build.0 = Debug|Win32
		{F593FF68-B53B-4910-9B91-E49B4047FF13}.Debug|x64.ActiveCfg = Debug|Win32
		{F593FF68-B53B-4910-9B91-E49B4047FF13}.Profile|Win32.ActiveCfg = Release|Win32
		{F593FF68-B53B-4910-9B91-E49B4047FF13}.Profile|Win32.Build.0 = Release|Win32
		{F593FF68-B53B-4910-9B91-E49B4047FF13}.Profile|x64.ActiveCfg = Release|Win32
		{F593FF68-B53B-4910-9B91-E49B4047FF13}.Release|Win32.ActiveCfg = Release|Win32
		{F593FF68-B53B-4910-9B91-E49B4047FF13}.Release|Win32.Build.0 = Release|Win32
		{F593FF68-B53B-4910-9B91-E49B4047FF13}.Release|x64.ActiveCfg = Release|Win32
		{159BCF08-D8C9-4A28-9DE2-B4CCEB5F02D9}.Debug|Win32.ActiveCfg = Debug|Win32
		{159BCF08-D8C9-4A28-9DE2-B4CCEB5F02D9}.Debug|Win32.Build.0 = Debug|Win32
		{159BCF08-D8C9-4A28-9DE2-B4CCEB5F02D9}.Debug|x64.ActiveCfg = Debug|Win32
		{159BCF08-D8C9-4A28-9DE2-B4CCEB5F02D9}.Profile|Win32.ActiveCfg = Release|Win32
		{159BCF08-D8C9-4A28-9DE2-B4CCEB5F02D9}.Profile|Win32.Build.0 = Release|Win32
		{159BCF08-D8C9-4A28-9DE2-B4CCEB5F02D9}.Profile|x64.ActiveCfg = Release|Win32
		{159BCF08-D8C9-4A28-9DE2-B4CCEB5F02D9}.Release|Win32.ActiveCfg = Release|Win32
		{159BCF08-D8C9-4A28-9DE2-B4CCEB5F02D9}.Release|Win32.Build.0 = Release|Win32
		{159BCF08-D8C9-4A28-9DE2-B4CCEB5F02D9}.Release|x64.ActiveCfg = Release|Win32
		{11CCAA35-302D-453E-A37C-99654D7ED236}.Debug|Win32.ActiveCfg = Debug|Win32
		{11CCAA35-302D-453E-A37C-99654D7ED236}.Debug|Win32.Build.0 = Debug|Win32
		{11CCAA35-302D-453E-A37C-99654D7ED236}.Debug|x64.ActiveCfg = Debug|Win32
		{11CCAA35-302D-453E-A37C-99654D7ED236}.Profile|Win32.ActiveCfg = Release|Win32
		{11CCAA35-302D-453E-A37C-99654D7ED236}.Profile|Win32.Build.0 = Release|Win32
		{11CCAA35-302D-453E-A37C-99654D7ED236}.Profile|x64.ActiveCfg = Release|Win32
		{11CCAA35-302D-453E-A37C-99654D7ED236}.Release|Win32.ActiveCfg = Release|Win32
		{11CCAA35-302D-453E-A37C-99654D7ED236}.Release|Win32.Build.0 = Release|Win32
		{11CCAA35-302D-453E-A37C-99654D7ED236}.Release|x64.ActiveCfg = Release|Win32
		{7E88D83B-3DC6-4AA3-A88B-6D89EFAB5137}.Debug|Win32.ActiveCfg = Debug|Win32
		{7E88D83B-3DC6-4AA3-A88B-6D89EFAB5137}.Debug|Win32.Build.0 = Debug|Win32
		{7E88D83B-3DC6-4AA3-A88B-6D89EFAB5137}.Debug|x64.ActiveCfg = Debug|Win32
		{7E88D83B-3DC6-4AA3-A88B-6D89EFAB5137}.Profile|Win32.ActiveCfg = Release|Win32
		{7E88D83B-3DC6-4AA3-A88B-6D89EFAB5137}.Profile|Win32.Build.0 = Release|Win32
		{7E88D83B-3DC6-4AA3-A88B-6D89EFAB5137}.Profile|x64.ActiveCfg = Release|Win32
		{7E88D83B-3DC6-4AA3-A88B-6D89EFAB5137}.Release|Win32.ActiveCfg = Release|Win32
		{7E88D83B-3DC6-4AA3-A88B-6D89EFAB5137}.Release|Win32.Build.0 = Release|Win32
		{7E88D83B-3DC6-4AA3-A88B-6D89EFAB5137}.Release|x64.ActiveCfg = Release|Win32
		{5710B770-71E3-4793-BFD2-4DC619D8846B}.Debug|Win32.ActiveCfg = Debug|Win32
		{5710B770-71E3-4793-BFD2-4DC619D8846B}.Debug|Win32.Build.0 = Debug|Win32
		{5710B770-71E3-4793-BFD2-4DC619D8846B}.Debug|x64.ActiveCfg = Debug|Win32
		{5710B770-71E3-4793-BFD2-4DC619D8846B}.Profile|Win32.ActiveCfg = Release|Win32
		{5710B770-71E3-4793-BFD2-4DC619D8846B}.Profile|Win32.Build.0 = Release|Win32
		{5710B770-71E3-4793-BFD2-4DC619D8846B}.Profile|x64.ActiveCfg = Release|Win32
		{5710B770-71E3-4793-BFD2-4DC619D8846B}.Release|Win32.ActiveCfg = Release|Win32
		{5710B770-71E3-4793-BFD2-4DC619D8846B}.Release|Win32.Build.0 = Release|Win32
		{5710B770-71E3-4793-BFD2-4DC619D8846B}.Release|x64.ActiveCfg = Release|Win32
		{7F68012D-7AA2-4B5F-B00E-413D592875F3}.Debug|Win32.ActiveCfg = Debug|Win32
		{7F68012D-7AA2-4B5F-B00E-413D592875F3}.Debug|Win32.Build.0 = Debug|Win32
		{7F68012D-7AA2-4B5F-B00E-413D592875F3}.Debug|x64.ActiveCfg = Debug|Win32
		{7F68012D-7AA2-4B5F-B00E-413D592875F3}.Profile|Win32.ActiveCfg = Release|Win32
		{7F68012D-7AA2-4B5F-B00E-413D592875F3}.Profile|Win32.Build.0 = Release|Win32
		{7F68012D-7AA2-4B5F-B00E-413D592875F3}.Profile|x64.ActiveCfg = Release|Win32
		{7F68012D-7AA2-4B5F-B00E-413D592875F3}.Release|Win32.ActiveCfg = Release|Win32
		{7F68012D-7AA2-4B5F-B00E-413D592875F3}.Release|Win32.Build.0 = Release|Win32
		{7F68012D-7AA2-4B5F-B00E-413D592875F3}.Release|x64.ActiveCfg = Release|Win32
	EndGlobalSection
	GlobalSection(SolutionProperties) = preSolution
		HideSolutionNode = FALSE
	EndGlobalSection
	GlobalSection(NestedProjects) = preSolution
		{38F0B1FF-456F-4221-9531-3A9F81694477} = {8276A27A-18EB-4497-9E36-B8481B2917ED}
		{B9FB97A2-0805-435B-9EB9-B93B645AA52E} = {8276A27A-18EB-4497-9E36-B8481B2917ED}
		{B736267B-604B-4E4A-B08C-3271A3B0A759} = {8276A27A-18EB-4497-9E36-B8481B2917ED}
		{441BD31B-4FC6-4A64-9B03-0CC94239D948} = {D97A22C4-024B-4646-AACE-CC1D626815DF}
		{048AAD13-4518-444F-8C11-C761140B3A8B} = {7940B22C-9640-4B6D-B8AC-024BD805F4FA}
		{D8D09568-C5EB-46A1-8B61-C349C31086E8} = {7940B22C-9640-4B6D-B8AC-024BD805F4FA}
		{6CE23D6C-80D9-4AB4-8B5A-2F1D51588969} = {7940B22C-9640-4B6D-B8AC-024BD805F4FA}
		{3429C00E-F938-4C9D-9448-44604B5BBD35} = {7940B22C-9640-4B6D-B8AC-024BD805F4FA}
		{D07EF455-734E-41EA-91F5-601A3E9D8807} = {7940B22C-9640-4B6D-B8AC-024BD805F4FA}
		{DB7D3CC4-AC36-4445-96EC-D9B373D3F59E} = {7940B22C-9640-4B6D-B8AC-024BD805F4FA}
		{F50EBAF4-3522-4432-91BA-DD4D7D53C2AF} = {7940B22C-9640-4B6D-B8AC-024BD805F4FA}
		{F593FF68-B53B-4910-9B91-E49B4047FF13} = {7940B22C-9640-4B6D-B8AC-024BD805F4FA}
		{159BCF08-D8C9-4A28-9DE2-B4CCEB5F02D9} = {7940B22C-9640-4B6D-B8AC-024BD805F4FA}
		{11CCAA35-302D-453E-A37C-99654D7ED236} = {7940B22C-9640-4B6D-B8AC-024BD805F4FA}
		{7E88D83B-3DC6-4AA3-A88B-6D89EFAB5137} = {7940B22C-9640-4B6D-B8AC-024BD805F4FA}
		{5710B770-71E3-4793-BFD2-4DC619D8846B} = {7940B22C-9640-4B6D-B8AC-024BD805F4FA}
		{7F68012D-7AA2-4B5F-B00E-413D592875F3} = {7940B22C-9640-4B6D-B8AC-024BD805F4FA}
	EndGlobalSection
EndGlobal
